
Microsoft Visual Studio Solution File, Format Version 12.00
# Visual Studio Version 17
VisualStudioVersion = 17.7.34003.232
MinimumVisualStudioVersion = 10.0.40219.1
Project("{FAE04EC0-301F-11D3-BF4B-00C04F79EFBC}") = "Task-13(Json Big Cat)", "Task-13\Task-13(Json Big Cat).csproj", "{3B9BFF22-5D88-4725-9A27-410D0E38B9FA}"
EndProject
Global
	GlobalSection(SolutionConfigurationPlatforms) = preSolution
		Debug|Any CPU = Debug|Any CPU
		Release|Any CPU = Release|Any CPU
	EndGlobalSection
	GlobalSection(ProjectConfigurationPlatforms) = postSolution
		{3B9BFF22-5D88-4725-9A27-410D0E38B9FA}.Debug|Any CPU.ActiveCfg = Debug|Any CPU
		{3B9BFF22-5D88-4725-9A27-410D0E38B9FA}.Debug|Any CPU.Build.0 = Debug|Any CPU
		{3B9BFF22-5D88-4725-9A27-410D0E38B9FA}.Release|Any CPU.ActiveCfg = Release|Any CPU
		{3B9BFF22-5D88-4725-9A27-410D0E38B9FA}.Release|Any CPU.Build.0 = Release|Any CPU
	EndGlobalSection
	GlobalSection(SolutionProperties) = preSolution
		HideSolutionNode = FALSE
	EndGlobalSection
	GlobalSection(ExtensibilityGlobals) = postSolution
		SolutionGuid = {8503553C-2811-4F11-B4CA-734C6CEBA53D}
	EndGlobalSection
EndGlobal
